// !$*UTF8*$!
{
	archiveVersion = 1;
	classes = {
	};
	objectVersion = 46;
	objects = {

/* Begin PBXBuildFile section */
		0EA663E717246D1800949958 /* UIKit.framework in Frameworks */ = {isa = PBXBuildFile; fileRef = 0EA663E617246D1800949958 /* UIKit.framework */; };
		0EA663E917246D1800949958 /* Foundation.framework in Frameworks */ = {isa = PBXBuildFile; fileRef = 0EA663E817246D1800949958 /* Foundation.framework */; };
		0EA663EB17246D1800949958 /* CoreGraphics.framework in Frameworks */ = {isa = PBXBuildFile; fileRef = 0EA663EA17246D1800949958 /* CoreGraphics.framework */; };
		0EA663F117246D1800949958 /* InfoPlist.strings in Resources */ = {isa = PBXBuildFile; fileRef = 0EA663EF17246D1800949958 /* InfoPlist.strings */; };
		0EA663F317246D1800949958 /* main.m in Sources */ = {isa = PBXBuildFile; fileRef = 0EA663F217246D1800949958 /* main.m */; };
		0EA663F717246D1800949958 /* AppDelegate.m in Sources */ = {isa = PBXBuildFile; fileRef = 0EA663F617246D1800949958 /* AppDelegate.m */; };
		0EA663F917246D1800949958 /* Default.png in Resources */ = {isa = PBXBuildFile; fileRef = 0EA663F817246D1800949958 /* Default.png */; };
		0EA663FB17246D1800949958 /* Default@2x.png in Resources */ = {isa = PBXBuildFile; fileRef = 0EA663FA17246D1800949958 /* Default@2x.png */; };
		0EA663FD17246D1800949958 /* Default-568h@2x.png in Resources */ = {isa = PBXBuildFile; fileRef = 0EA663FC17246D1800949958 /* Default-568h@2x.png */; };
		0EA6640017246D1800949958 /* MainStoryboard.storyboard in Resources */ = {isa = PBXBuildFile; fileRef = 0EA663FE17246D1800949958 /* MainStoryboard.storyboard */; };
		0EA6640317246D1800949958 /* ViewController.m in Sources */ = {isa = PBXBuildFile; fileRef = 0EA6640217246D1800949958 /* ViewController.m */; };
		0EA6640A17246DC500949958 /* Settings.bundle in Resources */ = {isa = PBXBuildFile; fileRef = 0EA6640917246DC500949958 /* Settings.bundle */; };
/* End PBXBuildFile section */

/* Begin PBXFileReference section */
		0EA663E317246D1800949958 /* SettingsBundleExercise.app */ = {isa = PBXFileReference; explicitFileType = wrapper.application; includeInIndex = 0; path = SettingsBundleExercise.app; sourceTree = BUILT_PRODUCTS_DIR; };
		0EA663E617246D1800949958 /* UIKit.framework */ = {isa = PBXFileReference; lastKnownFileType = wrapper.framework; name = UIKit.framework; path = System/Library/Frameworks/UIKit.framework; sourceTree = SDKROOT; };
		0EA663E817246D1800949958 /* Foundation.framework */ = {isa = PBXFileReference; lastKnownFileType = wrapper.framework; name = Foundation.framework; path = System/Library/Frameworks/Foundation.framework; sourceTree = SDKROOT; };
		0EA663EA17246D1800949958 /* CoreGraphics.framework */ = {isa = PBXFileReference; lastKnownFileType = wrapper.framework; name = CoreGraphics.framework; path = System/Library/Frameworks/CoreGraphics.framework; sourceTree = SDKROOT; };
		0EA663EE17246D1800949958 /* SettingsBundleExercise-Info.plist */ = {isa = PBXFileReference; lastKnownFileType = text.plist.xml; path = "SettingsBundleExercise-Info.plist"; sourceTree = "<group>"; };
		0EA663F017246D1800949958 /* en */ = {isa = PBXFileReference; lastKnownFileType = text.plist.strings; name = en; path = en.lproj/InfoPlist.strings; sourceTree = "<group>"; };
		0EA663F217246D1800949958 /* main.m */ = {isa = PBXFileReference; lastKnownFileType = sourcecode.c.objc; path = main.m; sourceTree = "<group>"; };
		0EA663F417246D1800949958 /* SettingsBundleExercise-Prefix.pch */ = {isa = PBXFileReference; lastKnownFileType = sourcecode.c.h; path = "SettingsBundleExercise-Prefix.pch"; sourceTree = "<group>"; };
		0EA663F517246D1800949958 /* AppDelegate.h */ = {isa = PBXFileReference; lastKnownFileType = sourcecode.c.h; path = AppDelegate.h; sourceTree = "<group>"; };
		0EA663F617246D1800949958 /* AppDelegate.m */ = {isa = PBXFileReference; lastKnownFileType = sourcecode.c.objc; path = AppDelegate.m; sourceTree = "<group>"; };
		0EA663F817246D1800949958 /* Default.png */ = {isa = PBXFileReference; lastKnownFileType = image.png; path = Default.png; sourceTree = "<group>"; };
		0EA663FA17246D1800949958 /* Default@2x.png */ = {isa = PBXFileReference; lastKnownFileType = image.png; path = "Default@2x.png"; sourceTree = "<group>"; };
		0EA663FC17246D1800949958 /* Default-568h@2x.png */ = {isa = PBXFileReference; lastKnownFileType = image.png; path = "Default-568h@2x.png"; sourceTree = "<group>"; };
		0EA663FF17246D1800949958 /* en */ = {isa = PBXFileReference; lastKnownFileType = file.storyboard; name = en; path = en.lproj/MainStoryboard.storyboard; sourceTree = "<group>"; };
		0EA6640117246D1800949958 /* ViewController.h */ = {isa = PBXFileReference; lastKnownFileType = sourcecode.c.h; path = ViewController.h; sourceTree = "<group>"; };
		0EA6640217246D1800949958 /* ViewController.m */ = {isa = PBXFileReference; lastKnownFileType = sourcecode.c.objc; path = ViewController.m; sourceTree = "<group>"; };
		0EA6640917246DC500949958 /* Settings.bundle */ = {isa = PBXFileReference; lastKnownFileType = "wrapper.plug-in"; path = Settings.bundle; sourceTree = "<group>"; };
/* End PBXFileReference section */

/* Begin PBXFrameworksBuildPhase section */
		0EA663E017246D1800949958 /* Frameworks */ = {
			isa = PBXFrameworksBuildPhase;
			buildActionMask = 2147483647;
			files = (
				0EA663E717246D1800949958 /* UIKit.framework in Frameworks */,
				0EA663E917246D1800949958 /* Foundation.framework in Frameworks */,
				0EA663EB17246D1800949958 /* CoreGraphics.framework in Frameworks */,
			);
			runOnlyForDeploymentPostprocessing = 0;
		};
/* End PBXFrameworksBuildPhase section */

/* Begin PBXGroup section */
		0EA663DA17246D1800949958 = {
			isa = PBXGroup;
			children = (
				0EA663EC17246D1800949958 /* SettingsBundleExercise */,
				0EA663E517246D1800949958 /* Frameworks */,
				0EA663E417246D1800949958 /* Products */,
			);
			sourceTree = "<group>";
		};
		0EA663E417246D1800949958 /* Products */ = {
			isa = PBXGroup;
			children = (
				0EA663E317246D1800949958 /* SettingsBundleExercise.app */,
			);
			name = Products;
			sourceTree = "<group>";
		};
		0EA663E517246D1800949958 /* Frameworks */ = {
			isa = PBXGroup;
			children = (
				0EA663E617246D1800949958 /* UIKit.framework */,
				0EA663E817246D1800949958 /* Foundation.framework */,
				0EA663EA17246D1800949958 /* CoreGraphics.framework */,
			);
			name = Frameworks;
			sourceTree = "<group>";
		};
		0EA663EC17246D1800949958 /* SettingsBundleExercise */ = {
			isa = PBXGroup;
			children = (
				0EA663F517246D1800949958 /* AppDelegate.h */,
				0EA663F617246D1800949958 /* AppDelegate.m */,
				0EA663FE17246D1800949958 /* MainStoryboard.storyboard */,
				0EA6640917246DC500949958 /* Settings.bundle */,
				0EA6640117246D1800949958 /* ViewController.h */,
				0EA6640217246D1800949958 /* ViewController.m */,
				0EA663ED17246D1800949958 /* Supporting Files */,
			);
			path = SettingsBundleExercise;
			sourceTree = "<group>";
		};
		0EA663ED17246D1800949958 /* Supporting Files */ = {
			isa = PBXGroup;
			children = (
				0EA663EE17246D1800949958 /* SettingsBundleExercise-Info.plist */,
				0EA663EF17246D1800949958 /* InfoPlist.strings */,
				0EA663F217246D1800949958 /* main.m */,
				0EA663F417246D1800949958 /* SettingsBundleExercise-Prefix.pch */,
				0EA663F817246D1800949958 /* Default.png */,
				0EA663FA17246D1800949958 /* Default@2x.png */,
				0EA663FC17246D1800949958 /* Default-568h@2x.png */,
			);
			name = "Supporting Files";
			sourceTree = "<group>";
		};
/* End PBXGroup section */

/* Begin PBXNativeTarget section */
		0EA663E217246D1800949958 /* SettingsBundleExercise */ = {
			isa = PBXNativeTarget;
			buildConfigurationList = 0EA6640617246D1800949958 /* Build configuration list for PBXNativeTarget "SettingsBundleExercise" */;
			buildPhases = (
				0EA663DF17246D1800949958 /* Sources */,
				0EA663E017246D1800949958 /* Frameworks */,
				0EA663E117246D1800949958 /* Resources */,
			);
			buildRules = (
			);
			dependencies = (
			);
			name = SettingsBundleExercise;
			productName = SettingsBundleExercise;
			productReference = 0EA663E317246D1800949958 /* SettingsBundleExercise.app */;
			productType = "com.apple.product-type.application";
		};
/* End PBXNativeTarget section */

/* Begin PBXProject section */
		0EA663DB17246D1800949958 /* Project object */ = {
			isa = PBXProject;
			attributes = {
				LastUpgradeCheck = 0460;
				ORGANIZATIONNAME = Unbounded;
			};
			buildConfigurationList = 0EA663DE17246D1800949958 /* Build configuration list for PBXProject "SettingsBundleExercise" */;
			compatibilityVersion = "Xcode 3.2";
			developmentRegion = English;
			hasScannedForEncodings = 0;
			knownRegions = (
				en,
			);
			mainGroup = 0EA663DA17246D1800949958;
			productRefGroup = 0EA663E417246D1800949958 /* Products */;
			projectDirPath = "";
			projectRoot = "";
			targets = (
				0EA663E217246D1800949958 /* SettingsBundleExercise */,
			);
		};
/* End PBXProject section */

/* Begin PBXResourcesBuildPhase section */
		0EA663E117246D1800949958 /* Resources */ = {
			isa = PBXResourcesBuildPhase;
			buildActionMask = 2147483647;
			files = (
				0EA663F117246D1800949958 /* InfoPlist.strings in Resources */,
				0EA663F917246D1800949958 /* Default.png in Resources */,
				0EA663FB17246D1800949958 /* Default@2x.png in Resources */,
				0EA663FD17246D1800949958 /* Default-568h@2x.png in Resources */,
				0EA6640017246D1800949958 /* MainStoryboard.storyboard in Resources */,
				0EA6640A17246DC500949958 /* Settings.bundle in Resources */,
			);
			runOnlyForDeploymentPostprocessing = 0;
		};
/* End PBXResourcesBuildPhase section */

/* Begin PBXSourcesBuildPhase section */
		0EA663DF17246D1800949958 /* Sources */ = {
			isa = PBXSourcesBuildPhase;
			buildActionMask = 2147483647;
			files = (
				0EA663F317246D1800949958 /* main.m in Sources */,
				0EA663F717246D1800949958 /* AppDelegate.m in Sources */,
				0EA6640317246D1800949958 /* ViewController.m in Sources */,
			);
			runOnlyForDeploymentPostprocessing = 0;
		};
/* End PBXSourcesBuildPhase section */

/* Begin PBXVariantGroup section */
		0EA663EF17246D1800949958 /* InfoPlist.strings */ = {
			isa = PBXVariantGroup;
			children = (
				0EA663F017246D1800949958 /* en */,
			);
			name = InfoPlist.strings;
			sourceTree = "<group>";
		};
		0EA663FE17246D1800949958 /* MainStoryboard.storyboard */ = {
			isa = PBXVariantGroup;
			children = (
				0EA663FF17246D1800949958 /* en */,
			);
			name = MainStoryboard.storyboard;
			sourceTree = "<group>";
		};
/* End PBXVariantGroup section */

/* Begin XCBuildConfiguration section */
		0EA6640417246D1800949958 /* Debug */ = {
			isa = XCBuildConfiguration;
			buildSettings = {
				ALWAYS_SEARCH_USER_PATHS = NO;
				CLANG_CXX_LANGUAGE_STANDARD = "gnu++0x";
				CLANG_CXX_LIBRARY = "libc++";
				CLANG_ENABLE_OBJC_ARC = YES;
				CLANG_WARN_CONSTANT_CONVERSION = YES;
				CLANG_WARN_EMPTY_BODY = YES;
				CLANG_WARN_ENUM_CONVERSION = YES;
				CLANG_WARN_INT_CONVERSION = YES;
				CLANG_WARN__DUPLICATE_METHOD_MATCH = YES;
				"CODE_SIGN_IDENTITY[sdk=iphoneos*]" = "iPhone Developer";
				COPY_PHASE_STRIP = NO;
				GCC_C_LANGUAGE_STANDARD = gnu99;
				GCC_DYNAMIC_NO_PIC = NO;
				GCC_OPTIMIZATION_LEVEL = 0;
				GCC_PREPROCESSOR_DEFINITIONS = (
					"DEBUG=1",
					"$(inherited)",
				);
				GCC_SYMBOLS_PRIVATE_EXTERN = NO;
				GCC_WARN_ABOUT_RETURN_TYPE = YES;
				GCC_WARN_UNINITIALIZED_AUTOS = YES;
				GCC_WARN_UNUSED_VARIABLE = YES;
				IPHONEOS_DEPLOYMENT_TARGET = 6.1;
				ONLY_ACTIVE_ARCH = YES;
				SDKROOT = iphoneos;
			};
			name = Debug;
		};
		0EA6640517246D1800949958 /* Release */ = {
			isa = XCBuildConfiguration;
			buildSettings = {
				ALWAYS_SEARCH_USER_PATHS = NO;
				CLANG_CXX_LANGUAGE_STANDARD = "gnu++0x";
				CLANG_CXX_LIBRARY = "libc++";
				CLANG_ENABLE_OBJC_ARC = YES;
				CLANG_WARN_CONSTANT_CONVERSION = YES;
				CLANG_WARN_EMPTY_BODY = YES;
				CLANG_WARN_ENUM_CONVERSION = YES;
				CLANG_WARN_INT_CONVERSION = YES;
				CLANG_WARN__DUPLICATE_METHOD_MATCH = YES;
				"CODE_SIGN_IDENTITY[sdk=iphoneos*]" = "iPhone Developer";
				COPY_PHASE_STRIP = YES;
				GCC_C_LANGUAGE_STANDARD = gnu99;
				GCC_WARN_ABOUT_RETURN_TYPE = YES;
				GCC_WARN_UNINITIALIZED_AUTOS = YES;
				GCC_WARN_UNUSED_VARIABLE = YES;
				IPHONEOS_DEPLOYMENT_TARGET = 6.1;
				OTHER_CFLAGS = "-DNS_BLOCK_ASSERTIONS=1";
				SDKROOT = iphoneos;
				VALIDATE_PRODUCT = YES;
			};
			name = Release;
		};
		0EA6640717246D1800949958 /* Debug */ = {
			isa = XCBuildConfiguration;
			buildSettings = {
				GCC_PRECOMPILE_PREFIX_HEADER = YES;
				GCC_PREFIX_HEADER = "SettingsBundleExercise/SettingsBundleExercise-Prefix.pch";
				INFOPLIST_FILE = "SettingsBundleExercise/SettingsBundleExercise-Info.plist";
				PRODUCT_NAME = "$(TARGET_NAME)";
				WRAPPER_EXTENSION = app;
			};
			name = Debug;
		};
		0EA6640817246D1800949958 /* Release */ = {
			isa = XCBuildConfiguration;
			buildSettings = {
				GCC_PRECOMPILE_PREFIX_HEADER = YES;
				GCC_PREFIX_HEADER = "SettingsBundleExercise/SettingsBundleExercise-Prefix.pch";
				INFOPLIST_FILE = "SettingsBundleExercise/SettingsBundleExercise-Info.plist";
				PRODUCT_NAME = "$(TARGET_NAME)";
				WRAPPER_EXTENSION = app;
			};
			name = Release;
		};
/* End XCBuildConfiguration section */

/* Begin XCConfigurationList section */
		0EA663DE17246D1800949958 /* Build configuration list for PBXProject "SettingsBundleExercise" */ = {
			isa = XCConfigurationList;
			buildConfigurations = (
				0EA6640417246D1800949958 /* Debug */,
				0EA6640517246D1800949958 /* Release */,
			);
			defaultConfigurationIsVisible = 0;
			defaultConfigurationName = Release;
		};
		0EA6640617246D1800949958 /* Build configuration list for PBXNativeTarget "SettingsBundleExercise" */ = {
			isa = XCConfigurationList;
			buildConfigurations = (
				0EA6640717246D1800949958 /* Debug */,
				0EA6640817246D1800949958 /* Release */,
			);
			defaultConfigurationIsVisible = 0;
		};
/* End XCConfigurationList section */
	};
	rootObject = 0EA663DB17246D1800949958 /* Project object */;
}
