// !$*UTF8*$!
{
	archiveVersion = 1;
	classes = {
	};
	objectVersion = 46;
	objects = {

/* Begin PBXBuildFile section */
		0EC245C1172032DE00B29BBF /* UIKit.framework in Frameworks */ = {isa = PBXBuildFile; fileRef = 0EC245C0172032DE00B29BBF /* UIKit.framework */; };
		0EC245C3172032DE00B29BBF /* Foundation.framework in Frameworks */ = {isa = PBXBuildFile; fileRef = 0EC245C2172032DE00B29BBF /* Foundation.framework */; };
		0EC245C5172032DE00B29BBF /* CoreGraphics.framework in Frameworks */ = {isa = PBXBuildFile; fileRef = 0EC245C4172032DE00B29BBF /* CoreGraphics.framework */; };
		0EC245CB172032DE00B29BBF /* InfoPlist.strings in Resources */ = {isa = PBXBuildFile; fileRef = 0EC245C9172032DE00B29BBF /* InfoPlist.strings */; };
		0EC245CD172032DE00B29BBF /* main.m in Sources */ = {isa = PBXBuildFile; fileRef = 0EC245CC172032DE00B29BBF /* main.m */; };
		0EC245D1172032DE00B29BBF /* AppDelegate.m in Sources */ = {isa = PBXBuildFile; fileRef = 0EC245D0172032DE00B29BBF /* AppDelegate.m */; };
		0EC245D3172032DE00B29BBF /* Default.png in Resources */ = {isa = PBXBuildFile; fileRef = 0EC245D2172032DE00B29BBF /* Default.png */; };
		0EC245D5172032DE00B29BBF /* Default@2x.png in Resources */ = {isa = PBXBuildFile; fileRef = 0EC245D4172032DE00B29BBF /* Default@2x.png */; };
		0EC245D7172032DE00B29BBF /* Default-568h@2x.png in Resources */ = {isa = PBXBuildFile; fileRef = 0EC245D6172032DE00B29BBF /* Default-568h@2x.png */; };
		0EC245DA172032DE00B29BBF /* MainStoryboard.storyboard in Resources */ = {isa = PBXBuildFile; fileRef = 0EC245D8172032DE00B29BBF /* MainStoryboard.storyboard */; };
		0EC245E51720332400B29BBF /* AllDataTableViewController.m in Sources */ = {isa = PBXBuildFile; fileRef = 0EC245E41720332400B29BBF /* AllDataTableViewController.m */; };
		0EC245E81720333700B29BBF /* TextTableViewController.m in Sources */ = {isa = PBXBuildFile; fileRef = 0EC245E71720333700B29BBF /* TextTableViewController.m */; };
		0EC245EB1720335F00B29BBF /* ImageTableViewController.m in Sources */ = {isa = PBXBuildFile; fileRef = 0EC245EA1720335F00B29BBF /* ImageTableViewController.m */; };
		0EC245EE17203B9F00B29BBF /* Item.m in Sources */ = {isa = PBXBuildFile; fileRef = 0EC245ED17203B9F00B29BBF /* Item.m */; };
		0EC245F1172041EC00B29BBF /* myCell.m in Sources */ = {isa = PBXBuildFile; fileRef = 0EC245F0172041EC00B29BBF /* myCell.m */; };
/* End PBXBuildFile section */

/* Begin PBXFileReference section */
		0EC245BD172032DE00B29BBF /* SimpleJSONExercise.app */ = {isa = PBXFileReference; explicitFileType = wrapper.application; includeInIndex = 0; path = SimpleJSONExercise.app; sourceTree = BUILT_PRODUCTS_DIR; };
		0EC245C0172032DE00B29BBF /* UIKit.framework */ = {isa = PBXFileReference; lastKnownFileType = wrapper.framework; name = UIKit.framework; path = System/Library/Frameworks/UIKit.framework; sourceTree = SDKROOT; };
		0EC245C2172032DE00B29BBF /* Foundation.framework */ = {isa = PBXFileReference; lastKnownFileType = wrapper.framework; name = Foundation.framework; path = System/Library/Frameworks/Foundation.framework; sourceTree = SDKROOT; };
		0EC245C4172032DE00B29BBF /* CoreGraphics.framework */ = {isa = PBXFileReference; lastKnownFileType = wrapper.framework; name = CoreGraphics.framework; path = System/Library/Frameworks/CoreGraphics.framework; sourceTree = SDKROOT; };
		0EC245C8172032DE00B29BBF /* SimpleJSONExercise-Info.plist */ = {isa = PBXFileReference; lastKnownFileType = text.plist.xml; path = "SimpleJSONExercise-Info.plist"; sourceTree = "<group>"; };
		0EC245CA172032DE00B29BBF /* en */ = {isa = PBXFileReference; lastKnownFileType = text.plist.strings; name = en; path = en.lproj/InfoPlist.strings; sourceTree = "<group>"; };
		0EC245CC172032DE00B29BBF /* main.m */ = {isa = PBXFileReference; lastKnownFileType = sourcecode.c.objc; path = main.m; sourceTree = "<group>"; };
		0EC245CE172032DE00B29BBF /* SimpleJSONExercise-Prefix.pch */ = {isa = PBXFileReference; lastKnownFileType = sourcecode.c.h; path = "SimpleJSONExercise-Prefix.pch"; sourceTree = "<group>"; };
		0EC245CF172032DE00B29BBF /* AppDelegate.h */ = {isa = PBXFileReference; lastKnownFileType = sourcecode.c.h; path = AppDelegate.h; sourceTree = "<group>"; };
		0EC245D0172032DE00B29BBF /* AppDelegate.m */ = {isa = PBXFileReference; lastKnownFileType = sourcecode.c.objc; path = AppDelegate.m; sourceTree = "<group>"; };
		0EC245D2172032DE00B29BBF /* Default.png */ = {isa = PBXFileReference; lastKnownFileType = image.png; path = Default.png; sourceTree = "<group>"; };
		0EC245D4172032DE00B29BBF /* Default@2x.png */ = {isa = PBXFileReference; lastKnownFileType = image.png; path = "Default@2x.png"; sourceTree = "<group>"; };
		0EC245D6172032DE00B29BBF /* Default-568h@2x.png */ = {isa = PBXFileReference; lastKnownFileType = image.png; path = "Default-568h@2x.png"; sourceTree = "<group>"; };
		0EC245D9172032DE00B29BBF /* en */ = {isa = PBXFileReference; lastKnownFileType = file.storyboard; name = en; path = en.lproj/MainStoryboard.storyboard; sourceTree = "<group>"; };
		0EC245E31720332400B29BBF /* AllDataTableViewController.h */ = {isa = PBXFileReference; fileEncoding = 4; lastKnownFileType = sourcecode.c.h; name = AllDataTableViewController.h; path = ../AllDataTableViewController.h; sourceTree = "<group>"; };
		0EC245E41720332400B29BBF /* AllDataTableViewController.m */ = {isa = PBXFileReference; fileEncoding = 4; lastKnownFileType = sourcecode.c.objc; name = AllDataTableViewController.m; path = ../AllDataTableViewController.m; sourceTree = "<group>"; };
		0EC245E61720333700B29BBF /* TextTableViewController.h */ = {isa = PBXFileReference; fileEncoding = 4; lastKnownFileType = sourcecode.c.h; name = TextTableViewController.h; path = ../TextTableViewController.h; sourceTree = "<group>"; };
		0EC245E71720333700B29BBF /* TextTableViewController.m */ = {isa = PBXFileReference; fileEncoding = 4; lastKnownFileType = sourcecode.c.objc; name = TextTableViewController.m; path = ../TextTableViewController.m; sourceTree = "<group>"; };
		0EC245E91720335F00B29BBF /* ImageTableViewController.h */ = {isa = PBXFileReference; fileEncoding = 4; lastKnownFileType = sourcecode.c.h; path = ImageTableViewController.h; sourceTree = "<group>"; };
		0EC245EA1720335F00B29BBF /* ImageTableViewController.m */ = {isa = PBXFileReference; fileEncoding = 4; lastKnownFileType = sourcecode.c.objc; path = ImageTableViewController.m; sourceTree = "<group>"; };
		0EC245EC17203B9F00B29BBF /* Item.h */ = {isa = PBXFileReference; fileEncoding = 4; lastKnownFileType = sourcecode.c.h; path = Item.h; sourceTree = "<group>"; };
		0EC245ED17203B9F00B29BBF /* Item.m */ = {isa = PBXFileReference; fileEncoding = 4; lastKnownFileType = sourcecode.c.objc; path = Item.m; sourceTree = "<group>"; };
		0EC245EF172041EC00B29BBF /* myCell.h */ = {isa = PBXFileReference; fileEncoding = 4; lastKnownFileType = sourcecode.c.h; path = myCell.h; sourceTree = "<group>"; };
		0EC245F0172041EC00B29BBF /* myCell.m */ = {isa = PBXFileReference; fileEncoding = 4; lastKnownFileType = sourcecode.c.objc; path = myCell.m; sourceTree = "<group>"; };
/* End PBXFileReference section */

/* Begin PBXFrameworksBuildPhase section */
		0EC245BA172032DE00B29BBF /* Frameworks */ = {
			isa = PBXFrameworksBuildPhase;
			buildActionMask = 2147483647;
			files = (
				0EC245C1172032DE00B29BBF /* UIKit.framework in Frameworks */,
				0EC245C3172032DE00B29BBF /* Foundation.framework in Frameworks */,
				0EC245C5172032DE00B29BBF /* CoreGraphics.framework in Frameworks */,
			);
			runOnlyForDeploymentPostprocessing = 0;
		};
/* End PBXFrameworksBuildPhase section */

/* Begin PBXGroup section */
		0EC245B4172032DE00B29BBF = {
			isa = PBXGroup;
			children = (
				0EC245C6172032DE00B29BBF /* SimpleJSONExercise */,
				0EC245BF172032DE00B29BBF /* Frameworks */,
				0EC245BE172032DE00B29BBF /* Products */,
			);
			sourceTree = "<group>";
		};
		0EC245BE172032DE00B29BBF /* Products */ = {
			isa = PBXGroup;
			children = (
				0EC245BD172032DE00B29BBF /* SimpleJSONExercise.app */,
			);
			name = Products;
			sourceTree = "<group>";
		};
		0EC245BF172032DE00B29BBF /* Frameworks */ = {
			isa = PBXGroup;
			children = (
				0EC245C0172032DE00B29BBF /* UIKit.framework */,
				0EC245C2172032DE00B29BBF /* Foundation.framework */,
				0EC245C4172032DE00B29BBF /* CoreGraphics.framework */,
			);
			name = Frameworks;
			sourceTree = "<group>";
		};
		0EC245C6172032DE00B29BBF /* SimpleJSONExercise */ = {
			isa = PBXGroup;
			children = (
				0EC245CF172032DE00B29BBF /* AppDelegate.h */,
				0EC245D0172032DE00B29BBF /* AppDelegate.m */,
				0EC245D8172032DE00B29BBF /* MainStoryboard.storyboard */,
				0EC245EC17203B9F00B29BBF /* Item.h */,
				0EC245ED17203B9F00B29BBF /* Item.m */,
				0EC245EF172041EC00B29BBF /* myCell.h */,
				0EC245F0172041EC00B29BBF /* myCell.m */,
				0EC245E31720332400B29BBF /* AllDataTableViewController.h */,
				0EC245E41720332400B29BBF /* AllDataTableViewController.m */,
				0EC245E61720333700B29BBF /* TextTableViewController.h */,
				0EC245E71720333700B29BBF /* TextTableViewController.m */,
				0EC245E91720335F00B29BBF /* ImageTableViewController.h */,
				0EC245EA1720335F00B29BBF /* ImageTableViewController.m */,
				0EC245C7172032DE00B29BBF /* Supporting Files */,
			);
			path = SimpleJSONExercise;
			sourceTree = "<group>";
		};
		0EC245C7172032DE00B29BBF /* Supporting Files */ = {
			isa = PBXGroup;
			children = (
				0EC245C8172032DE00B29BBF /* SimpleJSONExercise-Info.plist */,
				0EC245C9172032DE00B29BBF /* InfoPlist.strings */,
				0EC245CC172032DE00B29BBF /* main.m */,
				0EC245CE172032DE00B29BBF /* SimpleJSONExercise-Prefix.pch */,
				0EC245D2172032DE00B29BBF /* Default.png */,
				0EC245D4172032DE00B29BBF /* Default@2x.png */,
				0EC245D6172032DE00B29BBF /* Default-568h@2x.png */,
			);
			name = "Supporting Files";
			sourceTree = "<group>";
		};
/* End PBXGroup section */

/* Begin PBXNativeTarget section */
		0EC245BC172032DE00B29BBF /* SimpleJSONExercise */ = {
			isa = PBXNativeTarget;
			buildConfigurationList = 0EC245E0172032DE00B29BBF /* Build configuration list for PBXNativeTarget "SimpleJSONExercise" */;
			buildPhases = (
				0EC245B9172032DE00B29BBF /* Sources */,
				0EC245BA172032DE00B29BBF /* Frameworks */,
				0EC245BB172032DE00B29BBF /* Resources */,
			);
			buildRules = (
			);
			dependencies = (
			);
			name = SimpleJSONExercise;
			productName = SimpleJSONExercise;
			productReference = 0EC245BD172032DE00B29BBF /* SimpleJSONExercise.app */;
			productType = "com.apple.product-type.application";
		};
/* End PBXNativeTarget section */

/* Begin PBXProject section */
		0EC245B5172032DE00B29BBF /* Project object */ = {
			isa = PBXProject;
			attributes = {
				LastUpgradeCheck = 0460;
				ORGANIZATIONNAME = Unbounded;
			};
			buildConfigurationList = 0EC245B8172032DE00B29BBF /* Build configuration list for PBXProject "SimpleJSONExercise" */;
			compatibilityVersion = "Xcode 3.2";
			developmentRegion = English;
			hasScannedForEncodings = 0;
			knownRegions = (
				en,
			);
			mainGroup = 0EC245B4172032DE00B29BBF;
			productRefGroup = 0EC245BE172032DE00B29BBF /* Products */;
			projectDirPath = "";
			projectRoot = "";
			targets = (
				0EC245BC172032DE00B29BBF /* SimpleJSONExercise */,
			);
		};
/* End PBXProject section */

/* Begin PBXResourcesBuildPhase section */
		0EC245BB172032DE00B29BBF /* Resources */ = {
			isa = PBXResourcesBuildPhase;
			buildActionMask = 2147483647;
			files = (
				0EC245CB172032DE00B29BBF /* InfoPlist.strings in Resources */,
				0EC245D3172032DE00B29BBF /* Default.png in Resources */,
				0EC245D5172032DE00B29BBF /* Default@2x.png in Resources */,
				0EC245D7172032DE00B29BBF /* Default-568h@2x.png in Resources */,
				0EC245DA172032DE00B29BBF /* MainStoryboard.storyboard in Resources */,
			);
			runOnlyForDeploymentPostprocessing = 0;
		};
/* End PBXResourcesBuildPhase section */

/* Begin PBXSourcesBuildPhase section */
		0EC245B9172032DE00B29BBF /* Sources */ = {
			isa = PBXSourcesBuildPhase;
			buildActionMask = 2147483647;
			files = (
				0EC245CD172032DE00B29BBF /* main.m in Sources */,
				0EC245D1172032DE00B29BBF /* AppDelegate.m in Sources */,
				0EC245E51720332400B29BBF /* AllDataTableViewController.m in Sources */,
				0EC245E81720333700B29BBF /* TextTableViewController.m in Sources */,
				0EC245EB1720335F00B29BBF /* ImageTableViewController.m in Sources */,
				0EC245EE17203B9F00B29BBF /* Item.m in Sources */,
				0EC245F1172041EC00B29BBF /* myCell.m in Sources */,
			);
			runOnlyForDeploymentPostprocessing = 0;
		};
/* End PBXSourcesBuildPhase section */

/* Begin PBXVariantGroup section */
		0EC245C9172032DE00B29BBF /* InfoPlist.strings */ = {
			isa = PBXVariantGroup;
			children = (
				0EC245CA172032DE00B29BBF /* en */,
			);
			name = InfoPlist.strings;
			sourceTree = "<group>";
		};
		0EC245D8172032DE00B29BBF /* MainStoryboard.storyboard */ = {
			isa = PBXVariantGroup;
			children = (
				0EC245D9172032DE00B29BBF /* en */,
			);
			name = MainStoryboard.storyboard;
			sourceTree = "<group>";
		};
/* End PBXVariantGroup section */

/* Begin XCBuildConfiguration section */
		0EC245DE172032DE00B29BBF /* Debug */ = {
			isa = XCBuildConfiguration;
			buildSettings = {
				ALWAYS_SEARCH_USER_PATHS = NO;
				CLANG_CXX_LANGUAGE_STANDARD = "gnu++0x";
				CLANG_CXX_LIBRARY = "libc++";
				CLANG_ENABLE_OBJC_ARC = YES;
				CLANG_WARN_CONSTANT_CONVERSION = YES;
				CLANG_WARN_EMPTY_BODY = YES;
				CLANG_WARN_ENUM_CONVERSION = YES;
				CLANG_WARN_INT_CONVERSION = YES;
				CLANG_WARN__DUPLICATE_METHOD_MATCH = YES;
				"CODE_SIGN_IDENTITY[sdk=iphoneos*]" = "iPhone Developer";
				COPY_PHASE_STRIP = NO;
				GCC_C_LANGUAGE_STANDARD = gnu99;
				GCC_DYNAMIC_NO_PIC = NO;
				GCC_OPTIMIZATION_LEVEL = 0;
				GCC_PREPROCESSOR_DEFINITIONS = (
					"DEBUG=1",
					"$(inherited)",
				);
				GCC_SYMBOLS_PRIVATE_EXTERN = NO;
				GCC_WARN_ABOUT_RETURN_TYPE = YES;
				GCC_WARN_UNINITIALIZED_AUTOS = YES;
				GCC_WARN_UNUSED_VARIABLE = YES;
				IPHONEOS_DEPLOYMENT_TARGET = 6.1;
				ONLY_ACTIVE_ARCH = YES;
				SDKROOT = iphoneos;
			};
			name = Debug;
		};
		0EC245DF172032DE00B29BBF /* Release */ = {
			isa = XCBuildConfiguration;
			buildSettings = {
				ALWAYS_SEARCH_USER_PATHS = NO;
				CLANG_CXX_LANGUAGE_STANDARD = "gnu++0x";
				CLANG_CXX_LIBRARY = "libc++";
				CLANG_ENABLE_OBJC_ARC = YES;
				CLANG_WARN_CONSTANT_CONVERSION = YES;
				CLANG_WARN_EMPTY_BODY = YES;
				CLANG_WARN_ENUM_CONVERSION = YES;
				CLANG_WARN_INT_CONVERSION = YES;
				CLANG_WARN__DUPLICATE_METHOD_MATCH = YES;
				"CODE_SIGN_IDENTITY[sdk=iphoneos*]" = "iPhone Developer";
				COPY_PHASE_STRIP = YES;
				GCC_C_LANGUAGE_STANDARD = gnu99;
				GCC_WARN_ABOUT_RETURN_TYPE = YES;
				GCC_WARN_UNINITIALIZED_AUTOS = YES;
				GCC_WARN_UNUSED_VARIABLE = YES;
				IPHONEOS_DEPLOYMENT_TARGET = 6.1;
				OTHER_CFLAGS = "-DNS_BLOCK_ASSERTIONS=1";
				SDKROOT = iphoneos;
				VALIDATE_PRODUCT = YES;
			};
			name = Release;
		};
		0EC245E1172032DE00B29BBF /* Debug */ = {
			isa = XCBuildConfiguration;
			buildSettings = {
				GCC_PRECOMPILE_PREFIX_HEADER = YES;
				GCC_PREFIX_HEADER = "SimpleJSONExercise/SimpleJSONExercise-Prefix.pch";
				INFOPLIST_FILE = "SimpleJSONExercise/SimpleJSONExercise-Info.plist";
				PRODUCT_NAME = "$(TARGET_NAME)";
				WRAPPER_EXTENSION = app;
			};
			name = Debug;
		};
		0EC245E2172032DE00B29BBF /* Release */ = {
			isa = XCBuildConfiguration;
			buildSettings = {
				GCC_PRECOMPILE_PREFIX_HEADER = YES;
				GCC_PREFIX_HEADER = "SimpleJSONExercise/SimpleJSONExercise-Prefix.pch";
				INFOPLIST_FILE = "SimpleJSONExercise/SimpleJSONExercise-Info.plist";
				PRODUCT_NAME = "$(TARGET_NAME)";
				WRAPPER_EXTENSION = app;
			};
			name = Release;
		};
/* End XCBuildConfiguration section */

/* Begin XCConfigurationList section */
		0EC245B8172032DE00B29BBF /* Build configuration list for PBXProject "SimpleJSONExercise" */ = {
			isa = XCConfigurationList;
			buildConfigurations = (
				0EC245DE172032DE00B29BBF /* Debug */,
				0EC245DF172032DE00B29BBF /* Release */,
			);
			defaultConfigurationIsVisible = 0;
			defaultConfigurationName = Release;
		};
		0EC245E0172032DE00B29BBF /* Build configuration list for PBXNativeTarget "SimpleJSONExercise" */ = {
			isa = XCConfigurationList;
			buildConfigurations = (
				0EC245E1172032DE00B29BBF /* Debug */,
				0EC245E2172032DE00B29BBF /* Release */,
			);
			defaultConfigurationIsVisible = 0;
		};
/* End XCConfigurationList section */
	};
	rootObject = 0EC245B5172032DE00B29BBF /* Project object */;
}
